PODS:
  - Flutter (1.0.0)
  - local_auth (0.0.1):
    - Flutter
  - shared_preferences (0.0.1):
    - Flutter

DEPENDENCIES:
  - Flutter (from `Pods/.symlinks/flutter/ios`)
  - local_auth (from `Pods/.symlinks/plugins/local_auth-0.2.0/ios`)
  - shared_preferences (from `Pods/.symlinks/plugins/shared_preferences-0.4.0/ios`)

EXTERNAL SOURCES:
  Flutter:
    :path: Pods/.symlinks/flutter/ios
  local_auth:
    :path: Pods/.symlinks/plugins/local_auth-0.2.0/ios
  shared_preferences:
    :path: Pods/.symlinks/plugins/shared_preferences-0.4.0/ios

SPEC CHECKSUMS:
  Flutter: 58dd7d1b27887414a370fcccb9e645c08ffd7a6a
  local_auth: 17f985934bb4ab2637431e5b3fe1b2d6698d2051
  shared_preferences: 1feebfa37bb57264736e16865e7ffae7fc99b523

PODFILE CHECKSUM: 793ca17cc5488c2bdeb7f2f95b973a070492cf02

COCOAPODS: 1.3.1
